{
  "name": "lernmar-player",
  "version": "0.1.0",
  "lockfileVersion": 3,
  "requires": true,
  "packages": {
    "": {
      "name": "lernmar-player",
      "version": "0.1.0",
      "license": "MIT",
      "dependencies": {
        "lernmar-api": "file:../api"
      }
    },
    "../api": {
      "name": "lernmar-api",
      "version": "0.1.0",
      "license": "ISC"
    },
    "node_modules/lernmar-api": {
      "resolved": "../api",
      "link": true
    }
  }
}
